github.com/google/go-cmp v0.6.0 h1:ofyhxvXcZhMsU5ulbFiLKl/XBFqE1GSq7atu8tAmTRI=
github.com/google/go-cmp v0.6.0/go.mod h1:17dUlkBOakJ0+DkrSSNjCkIjxS6bF9zb3elmeNGIjoY=
golang.org/x/exp v0.0.0-20231127185646-65229373498e h1:Gvh4YaCaXNs6dKTlfgismwWZKyjVZXwOPfIyUaqU3No=
golang.org/x/exp v0.0.0-20231127185646-65229373498e/go.mod h1:iRJReGqOEeBhDZGkGbynYwcHlctCvnjTYIamk7uXpHI=
golang.org/x/image v0.13.0 h1:3cge/F/QTkNLauhf2QoE9zp+7sr+ZcL4HnoZmdwg9sg=
golang.org/x/image v0.13.0/go.mod h1:6mmbMOeV28HuMTgA6OSRkdXKYw/t5W9Uwn2Yv1r3Yxk=
golang.org/x/text v0.14.0 h1:ScX5w1eTa3QqT8oi6+ziP7dTV1S2+ALU0bI+0zXKWiQ=
golang.org/x/text v0.14.0/go.mod h1:18ZOQIKpY8NJVqYksKHtTdi31H5itFRjB5/qKTNYzSU=
seehuhn.de/go/dijkstra v0.9.3 h1:uVbFjlAuhlwV45qM7S4Wz+C7XlfbgAaTfcZX1r8OgIA=
seehuhn.de/go/dijkstra v0.9.3/go.mod h1:YcrFNNQ1BIVFI0xIYnNa/StiSKQXuQIID8zgZjwAOFE=
seehuhn.de/go/postscript v0.3.7-0.20231025105403-77fee8e215d5 h1:5+mMwg/WmF/ptYbZW5z8Gea54dFgQ0je87JC6V7rgA4=
seehuhn.de/go/postscript v0.3.7-0.20231025105403-77fee8e215d5/go.mod h1:yF+GpeWcXbMKm4ZF6pe4BYnvfiRomhYQs8jfwXFr0Ik=
