github.com/google/go-cmp v0.7.0 h1:wk8382ETsv4JYUZwIsn6YpYiWiBsYLSJiTsyBybVuN8=
github.com/google/go-cmp v0.7.0/go.mod h1:pXiqmnSA92OHEEa9HXL2W4E7lf9JzCmGVUdgjX3N/iU=
golang.org/x/image v0.36.0 h1:Iknbfm1afbgtwPTmHnS2gTM/6PPZfH+z2EFuOkSbqwc=
golang.org/x/image v0.36.0/go.mod h1:YsWD2TyyGKiIX1kZlu9QfKIsQ4nAAK9bdgdrIsE7xy4=
golang.org/x/text v0.34.0 h1:oL/Qq0Kdaqxa1KbNeMKwQq0reLCCaFtqu2eNuSeNHbk=
golang.org/x/text v0.34.0/go.mod h1:homfLqTYRFyVYemLBFl5GgL/DWEiH5wcsQ5gSh1yziA=
seehuhn.de/go/dag v0.0.0-20250630092703-dd0e13308cb3 h1:92lIrrSNr7FAJj4PIXyPrpxX5cqaAIaL9MygcQH7HDQ=
seehuhn.de/go/dag v0.0.0-20250630092703-dd0e13308cb3/go.mod h1:se0NAaAL9aI9pRBRK0EvlY3572GJTsF0J7RwMXEiKz4=
seehuhn.de/go/geom v0.7.1 h1:+Z54m6qADIvjNoLYI3DhlUpyNzZaT9bnyp8hWWH07LY=
seehuhn.de/go/geom v0.7.1/go.mod h1:NPJJeujL8PVGhuu13AH7pVchWn6CSexDqwdZOFB3Zq8=
seehuhn.de/go/postscript v0.7.1 h1:DpJulEvDr5rSGHy7STIgM8omO57VtI6Y2L9aYIqmarw=
seehuhn.de/go/postscript v0.7.1/go.mod h1:kEJeFJG/mQz6Q8QpDQ8nic5kemn51zIN22+mIhMr9PQ=
